
Microsoft Visual Studio Solution File, Format Version 12.00
# Visual Studio 14
VisualStudioVersion = 14.0.25420.1
MinimumVisualStudioVersion = 10.0.40219.1
Project("{8BC9CEB8-8B4A-11D0-8D11-00A0C91BC942}") = "Step01", "Step01\Step01.vcxproj", "{38B69500-CC13-4BA5-8959-7C7B78ACB90D}"
EndProject
Project("{8BC9CEB8-8B4A-11D0-8D11-00A0C91BC942}") = "Step02", "Step02\Step02.vcxproj", "{481704AD-0EFA-4E0B-9498-BF992C6192F0}"
EndProject
Project("{8BC9CEB8-8B4A-11D0-8D11-00A0C91BC942}") = "Step03", "Step03\Step03.vcxproj", "{17A6958A-4348-4FF0-8060-4502AFB68457}"
EndProject
Project("{8BC9CEB8-8B4A-11D0-8D11-00A0C91BC942}") = "Step04", "Step04\Step04.vcxproj", "{87B79E35-1D29-4F9A-B51D-6E8276EBA755}"
EndProject
Global
	GlobalSection(SolutionConfigurationPlatforms) = preSolution
		Debug|x64 = Debug|x64
		Debug|x86 = Debug|x86
		Release|x64 = Release|x64
		Release|x86 = Release|x86
	EndGlobalSection
	GlobalSection(ProjectConfigurationPlatforms) = postSolution
		{38B69500-CC13-4BA5-8959-7C7B78ACB90D}.Debug|x64.ActiveCfg = Debug|x64
		{38B69500-CC13-4BA5-8959-7C7B78ACB90D}.Debug|x64.Build.0 = Debug|x64
		{38B69500-CC13-4BA5-8959-7C7B78ACB90D}.Debug|x86.ActiveCfg = Debug|Win32
		{38B69500-CC13-4BA5-8959-7C7B78ACB90D}.Debug|x86.Build.0 = Debug|Win32
		{38B69500-CC13-4BA5-8959-7C7B78ACB90D}.Release|x64.ActiveCfg = Release|x64
		{38B69500-CC13-4BA5-8959-7C7B78ACB90D}.Release|x64.Build.0 = Release|x64
		{38B69500-CC13-4BA5-8959-7C7B78ACB90D}.Release|x86.ActiveCfg = Release|Win32
		{38B69500-CC13-4BA5-8959-7C7B78ACB90D}.Release|x86.Build.0 = Release|Win32
		{481704AD-0EFA-4E0B-9498-BF992C6192F0}.Debug|x64.ActiveCfg = Debug|x64
		{481704AD-0EFA-4E0B-9498-BF992C6192F0}.Debug|x64.Build.0 = Debug|x64
		{481704AD-0EFA-4E0B-9498-BF992C6192F0}.Debug|x86.ActiveCfg = Debug|Win32
		{481704AD-0EFA-4E0B-9498-BF992C6192F0}.Debug|x86.Build.0 = Debug|Win32
		{481704AD-0EFA-4E0B-9498-BF992C6192F0}.Release|x64.ActiveCfg = Release|x64
		{481704AD-0EFA-4E0B-9498-BF992C6192F0}.Release|x64.Build.0 = Release|x64
		{481704AD-0EFA-4E0B-9498-BF992C6192F0}.Release|x86.ActiveCfg = Release|Win32
		{481704AD-0EFA-4E0B-9498-BF992C6192F0}.Release|x86.Build.0 = Release|Win32
		{17A6958A-4348-4FF0-8060-4502AFB68457}.Debug|x64.ActiveCfg = Debug|x64
		{17A6958A-4348-4FF0-8060-4502AFB68457}.Debug|x64.Build.0 = Debug|x64
		{17A6958A-4348-4FF0-8060-4502AFB68457}.Debug|x86.ActiveCfg = Debug|Win32
		{17A6958A-4348-4FF0-8060-4502AFB68457}.Debug|x86.Build.0 = Debug|Win32
		{17A6958A-4348-4FF0-8060-4502AFB68457}.Release|x64.ActiveCfg = Release|x64
		{17A6958A-4348-4FF0-8060-4502AFB68457}.Release|x64.Build.0 = Release|x64
		{17A6958A-4348-4FF0-8060-4502AFB68457}.Release|x86.ActiveCfg = Release|Win32
		{17A6958A-4348-4FF0-8060-4502AFB68457}.Release|x86.Build.0 = Release|Win32
		{87B79E35-1D29-4F9A-B51D-6E8276EBA755}.Debug|x64.ActiveCfg = Debug|x64
		{87B79E35-1D29-4F9A-B51D-6E8276EBA755}.Debug|x64.Build.0 = Debug|x64
		{87B79E35-1D29-4F9A-B51D-6E8276EBA755}.Debug|x86.ActiveCfg = Debug|Win32
		{87B79E35-1D29-4F9A-B51D-6E8276EBA755}.Debug|x86.Build.0 = Debug|Win32
		{87B79E35-1D29-4F9A-B51D-6E8276EBA755}.Release|x64.ActiveCfg = Release|x64
		{87B79E35-1D29-4F9A-B51D-6E8276EBA755}.Release|x64.Build.0 = Release|x64
		{87B79E35-1D29-4F9A-B51D-6E8276EBA755}.Release|x86.ActiveCfg = Release|Win32
		{87B79E35-1D29-4F9A-B51D-6E8276EBA755}.Release|x86.Build.0 = Release|Win32
	EndGlobalSection
	GlobalSection(SolutionProperties) = preSolution
		HideSolutionNode = FALSE
	EndGlobalSection
EndGlobal
